
Microsoft Visual Studio Solution File, Format Version 12.00
# Visual Studio Version 17
VisualStudioVersion = 17.14.36811.4 d17.14
MinimumVisualStudioVersion = 10.0.40219.1
Project("{2150E333-8FDC-42A3-9474-1A3956D46DE8}") = "src", "src", "{02EA681E-C7D8-13C7-8484-4AC65E1B71E8}"
EndProject
Project("{FAE04EC0-301F-11D3-BF4B-00C04F79EFBC}") = "GoalTracker.Domain", "GoalTracker.Domain\GoalTracker.Domain.csproj", "{37FDE9C3-A638-4143-B06E-40835879BF3C}"
EndProject
Project("{FAE04EC0-301F-11D3-BF4B-00C04F79EFBC}") = "GoalTracker.Application", "GoalTracker.Application\GoalTracker.Application.csproj", "{C5B0C4E7-7E21-4E1F-A1FD-EFA8DA46470A}"
EndProject
Project("{FAE04EC0-301F-11D3-BF4B-00C04F79EFBC}") = "GoalTracker.Infrastructure", "GoalTracker.Infrastructure\GoalTracker.Infrastructure.csproj", "{C76BF412-4056-4415-A524-4626EC948F9A}"
EndProject
Project("{FAE04EC0-301F-11D3-BF4B-00C04F79EFBC}") = "GoalTracker.API", "GoalTracker.API\GoalTracker.API.csproj", "{4649E274-941D-4058-B3CB-0E9273EE79D5}"
EndProject
Global
	GlobalSection(SolutionConfigurationPlatforms) = preSolution
		Debug|Any CPU = Debug|Any CPU
		Release|Any CPU = Release|Any CPU
	EndGlobalSection
	GlobalSection(ProjectConfigurationPlatforms) = postSolution
		{37FDE9C3-A638-4143-B06E-40835879BF3C}.Debug|Any CPU.ActiveCfg = Debug|Any CPU
		{37FDE9C3-A638-4143-B06E-40835879BF3C}.Debug|Any CPU.Build.0 = Debug|Any CPU
		{37FDE9C3-A638-4143-B06E-40835879BF3C}.Release|Any CPU.ActiveCfg = Release|Any CPU
		{37FDE9C3-A638-4143-B06E-40835879BF3C}.Release|Any CPU.Build.0 = Release|Any CPU
		{C5B0C4E7-7E21-4E1F-A1FD-EFA8DA46470A}.Debug|Any CPU.ActiveCfg = Debug|Any CPU
		{C5B0C4E7-7E21-4E1F-A1FD-EFA8DA46470A}.Debug|Any CPU.Build.0 = Debug|Any CPU
		{C5B0C4E7-7E21-4E1F-A1FD-EFA8DA46470A}.Release|Any CPU.ActiveCfg = Release|Any CPU
		{C5B0C4E7-7E21-4E1F-A1FD-EFA8DA46470A}.Release|Any CPU.Build.0 = Release|Any CPU
		{C76BF412-4056-4415-A524-4626EC948F9A}.Debug|Any CPU.ActiveCfg = Debug|Any CPU
		{C76BF412-4056-4415-A524-4626EC948F9A}.Debug|Any CPU.Build.0 = Debug|Any CPU
		{C76BF412-4056-4415-A524-4626EC948F9A}.Release|Any CPU.ActiveCfg = Release|Any CPU
		{C76BF412-4056-4415-A524-4626EC948F9A}.Release|Any CPU.Build.0 = Release|Any CPU
		{4649E274-941D-4058-B3CB-0E9273EE79D5}.Debug|Any CPU.ActiveCfg = Debug|Any CPU
		{4649E274-941D-4058-B3CB-0E9273EE79D5}.Debug|Any CPU.Build.0 = Debug|Any CPU
		{4649E274-941D-4058-B3CB-0E9273EE79D5}.Release|Any CPU.ActiveCfg = Release|Any CPU
		{4649E274-941D-4058-B3CB-0E9273EE79D5}.Release|Any CPU.Build.0 = Release|Any CPU
	EndGlobalSection
	GlobalSection(SolutionProperties) = preSolution
		HideSolutionNode = FALSE
	EndGlobalSection
	GlobalSection(NestedProjects) = preSolution
		{37FDE9C3-A638-4143-B06E-40835879BF3C} = {02EA681E-C7D8-13C7-8484-4AC65E1B71E8}
		{C5B0C4E7-7E21-4E1F-A1FD-EFA8DA46470A} = {02EA681E-C7D8-13C7-8484-4AC65E1B71E8}
		{C76BF412-4056-4415-A524-4626EC948F9A} = {02EA681E-C7D8-13C7-8484-4AC65E1B71E8}
		{4649E274-941D-4058-B3CB-0E9273EE79D5} = {02EA681E-C7D8-13C7-8484-4AC65E1B71E8}
	EndGlobalSection
	GlobalSection(ExtensibilityGlobals) = postSolution
		SolutionGuid = {CE5C1C27-6F4D-4D2A-B05E-BDCE2DC18A87}
	EndGlobalSection
EndGlobal
